{
  "nodes": {
    "flakeNimbleLib": {
      "inputs": {
        "nixpkgs": [
          "nixpkgs"
        ]
      },
      "locked": {
        "lastModified": 1662018438,
        "narHash": "sha256-QtNtU6+LX3Wokxf0zlFwKTFOcn6TeDjKQZ+DA9OYtvM=",
        "owner": "riinr",
        "repo": "nim-flakes-lib",
        "rev": "b1fe8340736e3a85d25c709ac3dfd82a55c03cbf",
        "type": "github"
      },
      "original": {
        "owner": "riinr",
        "ref": "master",
        "repo": "nim-flakes-lib",
        "type": "github"
      }
    },
    "nixpkgs": {
      "locked": {
        "lastModified": 1667110639,
        "narHash": "sha256-4FbPESZ5LbqQxkJJJBAfk/zKgF9h/4kyUwjjpJwYlbc=",
        "owner": "NixOS",
        "repo": "nixpkgs",
        "rev": "f38a1f04d1bec1feb61fd101a0539ae2002a7087",
        "type": "github"
      },
      "original": {
        "id": "nixpkgs",
        "type": "indirect"
      }
    },
    "oldgtk3-master": {
      "inputs": {
        "flakeNimbleLib": [
          "flakeNimbleLib"
        ],
        "nixpkgs": [
          "nixpkgs"
        ],
        "src-oldgtk3-master": "src-oldgtk3-master"
      },
      "locked": {
        "dir": "master",
        "lastModified": 1662254709,
        "narHash": "sha256-K7WAo8gDM10pHk5NXFqcAHOr8aB5zxyERZbtLHBVE90=",
        "owner": "nim-nix-pkgs",
        "repo": "oldgtk3",
        "rev": "0de10d2a6363f21a3c6ea2c5f58c43390adad0b1",
        "type": "github"
      },
      "original": {
        "dir": "master",
        "owner": "nim-nix-pkgs",
        "ref": "master",
        "repo": "oldgtk3",
        "type": "github"
      }
    },
    "root": {
      "inputs": {
        "flakeNimbleLib": "flakeNimbleLib",
        "nixpkgs": "nixpkgs",
        "oldgtk3-master": "oldgtk3-master"
      }
    },
    "src-oldgtk3-master": {
      "flake": false,
      "locked": {
        "lastModified": 1613382861,
        "narHash": "sha256-cpIVVXuxNjLVifJm+LvC0Uk8vjNhcAKzAD6+JjF5xPw=",
        "owner": "stefansalewski",
        "repo": "oldgtk3",
        "rev": "4e60fd1c4c08241cc22336362fc4f487c633299c",
        "type": "github"
      },
      "original": {
        "owner": "stefansalewski",
        "ref": "refs/heads/master",
        "repo": "oldgtk3",
        "type": "github"
      }
    }
  },
  "root": "root",
  "version": 7
}
